
Microsoft Visual Studio Solution File, Format Version 12.00
# Visual Studio Version 17
VisualStudioVersion = 17.14.36301.6
MinimumVisualStudioVersion = 10.0.40219.1
Project("{8BC9CEB8-8B4A-11D0-8D11-00A0C91BC942}") = "树与图的广度优先遍历（图中点的层次）", "树与图的广度优先遍历（图中点的层次）\树与图的广度优先遍历（图中点的层次）.vcxproj", "{46391B88-3D52-40B0-933F-F6204B1BFE33}"
EndProject
Project("{8BC9CEB8-8B4A-11D0-8D11-00A0C91BC942}") = "树与图的深度优先遍历(树的重心)", "树与图的深度优先遍历(树的重心)\树与图的深度优先遍历(树的重心).vcxproj", "{16AEA5FD-D555-47BB-B400-D767DFC0ACC0}"
EndProject
Project("{8BC9CEB8-8B4A-11D0-8D11-00A0C91BC942}") = "有向图的拓扑排序", "有向图的拓扑排序\有向图的拓扑排序.vcxproj", "{9C070896-B71A-4B54-A179-D38F0FE5B293}"
EndProject
Project("{8BC9CEB8-8B4A-11D0-8D11-00A0C91BC942}") = "Dijkstra求最短路 I(朴素版)", "Dijkstra求最短路 I(朴素版)\Dijkstra求最短路 I(朴素版).vcxproj", "{0CFE8AD9-0358-4081-9C72-C63D8D7996EA}"
EndProject
Project("{8BC9CEB8-8B4A-11D0-8D11-00A0C91BC942}") = "Dijkstra最短路(小顶堆优化版mlogn)", "Dijkstra最短路(小顶堆优化版mlogn)\Dijkstra最短路(小顶堆优化版mlogn).vcxproj", "{1B03861C-8E71-4295-BB6D-33175D67681A}"
EndProject
Project("{8BC9CEB8-8B4A-11D0-8D11-00A0C91BC942}") = "有边数限制的最短路(bellman-ford)", "有边数限制的最短路(bellman-ford)\有边数限制的最短路(bellman-ford).vcxproj", "{C3D24D1C-86A0-4AB6-8127-9D95853E09DE}"
EndProject
Project("{8BC9CEB8-8B4A-11D0-8D11-00A0C91BC942}") = "spfa求最短路", "spfa求最短路\spfa求最短路.vcxproj", "{13F36BD7-692E-4DF7-AC34-829217582F55}"
EndProject
Project("{8BC9CEB8-8B4A-11D0-8D11-00A0C91BC942}") = "spfa判断负环", "spfa判断负环\spfa判断负环.vcxproj", "{4AE2C233-7111-46A1-8D96-8C9E62D92BC7}"
EndProject
Project("{8BC9CEB8-8B4A-11D0-8D11-00A0C91BC942}") = "floyd求最短路", "floyd求最短路\floyd求最短路.vcxproj", "{27BAD26B-9B0F-4DDF-AAEF-A4984A171C37}"
EndProject
Project("{8BC9CEB8-8B4A-11D0-8D11-00A0C91BC942}") = "prim求最小生成树", "prim求最小生成树\prim求最小生成树.vcxproj", "{4E7A26C1-FFC2-4932-8C54-69F4CA982889}"
EndProject
Project("{8BC9CEB8-8B4A-11D0-8D11-00A0C91BC942}") = "kruskal求最小生成树", "kruskal求最小生成树\kruskal求最小生成树.vcxproj", "{14FE7E59-B448-45D9-B8BE-2080EC1F76F2}"
EndProject
Global
	GlobalSection(SolutionConfigurationPlatforms) = preSolution
		Debug|x64 = Debug|x64
		Debug|x86 = Debug|x86
		Release|x64 = Release|x64
		Release|x86 = Release|x86
	EndGlobalSection
	GlobalSection(ProjectConfigurationPlatforms) = postSolution
		{46391B88-3D52-40B0-933F-F6204B1BFE33}.Debug|x64.ActiveCfg = Debug|x64
		{46391B88-3D52-40B0-933F-F6204B1BFE33}.Debug|x64.Build.0 = Debug|x64
		{46391B88-3D52-40B0-933F-F6204B1BFE33}.Debug|x86.ActiveCfg = Debug|Win32
		{46391B88-3D52-40B0-933F-F6204B1BFE33}.Debug|x86.Build.0 = Debug|Win32
		{46391B88-3D52-40B0-933F-F6204B1BFE33}.Release|x64.ActiveCfg = Release|x64
		{46391B88-3D52-40B0-933F-F6204B1BFE33}.Release|x64.Build.0 = Release|x64
		{46391B88-3D52-40B0-933F-F6204B1BFE33}.Release|x86.ActiveCfg = Release|Win32
		{46391B88-3D52-40B0-933F-F6204B1BFE33}.Release|x86.Build.0 = Release|Win32
		{16AEA5FD-D555-47BB-B400-D767DFC0ACC0}.Debug|x64.ActiveCfg = Debug|x64
		{16AEA5FD-D555-47BB-B400-D767DFC0ACC0}.Debug|x64.Build.0 = Debug|x64
		{16AEA5FD-D555-47BB-B400-D767DFC0ACC0}.Debug|x86.ActiveCfg = Debug|Win32
		{16AEA5FD-D555-47BB-B400-D767DFC0ACC0}.Debug|x86.Build.0 = Debug|Win32
		{16AEA5FD-D555-47BB-B400-D767DFC0ACC0}.Release|x64.ActiveCfg = Release|x64
		{16AEA5FD-D555-47BB-B400-D767DFC0ACC0}.Release|x64.Build.0 = Release|x64
		{16AEA5FD-D555-47BB-B400-D767DFC0ACC0}.Release|x86.ActiveCfg = Release|Win32
		{16AEA5FD-D555-47BB-B400-D767DFC0ACC0}.Release|x86.Build.0 = Release|Win32
		{9C070896-B71A-4B54-A179-D38F0FE5B293}.Debug|x64.ActiveCfg = Debug|x64
		{9C070896-B71A-4B54-A179-D38F0FE5B293}.Debug|x64.Build.0 = Debug|x64
		{9C070896-B71A-4B54-A179-D38F0FE5B293}.Debug|x86.ActiveCfg = Debug|Win32
		{9C070896-B71A-4B54-A179-D38F0FE5B293}.Debug|x86.Build.0 = Debug|Win32
		{9C070896-B71A-4B54-A179-D38F0FE5B293}.Release|x64.ActiveCfg = Release|x64
		{9C070896-B71A-4B54-A179-D38F0FE5B293}.Release|x64.Build.0 = Release|x64
		{9C070896-B71A-4B54-A179-D38F0FE5B293}.Release|x86.ActiveCfg = Release|Win32
		{9C070896-B71A-4B54-A179-D38F0FE5B293}.Release|x86.Build.0 = Release|Win32
		{0CFE8AD9-0358-4081-9C72-C63D8D7996EA}.Debug|x64.ActiveCfg = Debug|x64
		{0CFE8AD9-0358-4081-9C72-C63D8D7996EA}.Debug|x64.Build.0 = Debug|x64
		{0CFE8AD9-0358-4081-9C72-C63D8D7996EA}.Debug|x86.ActiveCfg = Debug|Win32
		{0CFE8AD9-0358-4081-9C72-C63D8D7996EA}.Debug|x86.Build.0 = Debug|Win32
		{0CFE8AD9-0358-4081-9C72-C63D8D7996EA}.Release|x64.ActiveCfg = Release|x64
		{0CFE8AD9-0358-4081-9C72-C63D8D7996EA}.Release|x64.Build.0 = Release|x64
		{0CFE8AD9-0358-4081-9C72-C63D8D7996EA}.Release|x86.ActiveCfg = Release|Win32
		{0CFE8AD9-0358-4081-9C72-C63D8D7996EA}.Release|x86.Build.0 = Release|Win32
		{1B03861C-8E71-4295-BB6D-33175D67681A}.Debug|x64.ActiveCfg = Debug|x64
		{1B03861C-8E71-4295-BB6D-33175D67681A}.Debug|x64.Build.0 = Debug|x64
		{1B03861C-8E71-4295-BB6D-33175D67681A}.Debug|x86.ActiveCfg = Debug|Win32
		{1B03861C-8E71-4295-BB6D-33175D67681A}.Debug|x86.Build.0 = Debug|Win32
		{1B03861C-8E71-4295-BB6D-33175D67681A}.Release|x64.ActiveCfg = Release|x64
		{1B03861C-8E71-4295-BB6D-33175D67681A}.Release|x64.Build.0 = Release|x64
		{1B03861C-8E71-4295-BB6D-33175D67681A}.Release|x86.ActiveCfg = Release|Win32
		{1B03861C-8E71-4295-BB6D-33175D67681A}.Release|x86.Build.0 = Release|Win32
		{C3D24D1C-86A0-4AB6-8127-9D95853E09DE}.Debug|x64.ActiveCfg = Debug|x64
		{C3D24D1C-86A0-4AB6-8127-9D95853E09DE}.Debug|x64.Build.0 = Debug|x64
		{C3D24D1C-86A0-4AB6-8127-9D95853E09DE}.Debug|x86.ActiveCfg = Debug|Win32
		{C3D24D1C-86A0-4AB6-8127-9D95853E09DE}.Debug|x86.Build.0 = Debug|Win32
		{C3D24D1C-86A0-4AB6-8127-9D95853E09DE}.Release|x64.ActiveCfg = Release|x64
		{C3D24D1C-86A0-4AB6-8127-9D95853E09DE}.Release|x64.Build.0 = Release|x64
		{C3D24D1C-86A0-4AB6-8127-9D95853E09DE}.Release|x86.ActiveCfg = Release|Win32
		{C3D24D1C-86A0-4AB6-8127-9D95853E09DE}.Release|x86.Build.0 = Release|Win32
		{13F36BD7-692E-4DF7-AC34-829217582F55}.Debug|x64.ActiveCfg = Debug|x64
		{13F36BD7-692E-4DF7-AC34-829217582F55}.Debug|x64.Build.0 = Debug|x64
		{13F36BD7-692E-4DF7-AC34-829217582F55}.Debug|x86.ActiveCfg = Debug|Win32
		{13F36BD7-692E-4DF7-AC34-829217582F55}.Debug|x86.Build.0 = Debug|Win32
		{13F36BD7-692E-4DF7-AC34-829217582F55}.Release|x64.ActiveCfg = Release|x64
		{13F36BD7-692E-4DF7-AC34-829217582F55}.Release|x64.Build.0 = Release|x64
		{13F36BD7-692E-4DF7-AC34-829217582F55}.Release|x86.ActiveCfg = Release|Win32
		{13F36BD7-692E-4DF7-AC34-829217582F55}.Release|x86.Build.0 = Release|Win32
		{4AE2C233-7111-46A1-8D96-8C9E62D92BC7}.Debug|x64.ActiveCfg = Debug|x64
		{4AE2C233-7111-46A1-8D96-8C9E62D92BC7}.Debug|x64.Build.0 = Debug|x64
		{4AE2C233-7111-46A1-8D96-8C9E62D92BC7}.Debug|x86.ActiveCfg = Debug|Win32
		{4AE2C233-7111-46A1-8D96-8C9E62D92BC7}.Debug|x86.Build.0 = Debug|Win32
		{4AE2C233-7111-46A1-8D96-8C9E62D92BC7}.Release|x64.ActiveCfg = Release|x64
		{4AE2C233-7111-46A1-8D96-8C9E62D92BC7}.Release|x64.Build.0 = Release|x64
		{4AE2C233-7111-46A1-8D96-8C9E62D92BC7}.Release|x86.ActiveCfg = Release|Win32
		{4AE2C233-7111-46A1-8D96-8C9E62D92BC7}.Release|x86.Build.0 = Release|Win32
		{27BAD26B-9B0F-4DDF-AAEF-A4984A171C37}.Debug|x64.ActiveCfg = Debug|x64
		{27BAD26B-9B0F-4DDF-AAEF-A4984A171C37}.Debug|x64.Build.0 = Debug|x64
		{27BAD26B-9B0F-4DDF-AAEF-A4984A171C37}.Debug|x86.ActiveCfg = Debug|Win32
		{27BAD26B-9B0F-4DDF-AAEF-A4984A171C37}.Debug|x86.Build.0 = Debug|Win32
		{27BAD26B-9B0F-4DDF-AAEF-A4984A171C37}.Release|x64.ActiveCfg = Release|x64
		{27BAD26B-9B0F-4DDF-AAEF-A4984A171C37}.Release|x64.Build.0 = Release|x64
		{27BAD26B-9B0F-4DDF-AAEF-A4984A171C37}.Release|x86.ActiveCfg = Release|Win32
		{27BAD26B-9B0F-4DDF-AAEF-A4984A171C37}.Release|x86.Build.0 = Release|Win32
		{4E7A26C1-FFC2-4932-8C54-69F4CA982889}.Debug|x64.ActiveCfg = Debug|x64
		{4E7A26C1-FFC2-4932-8C54-69F4CA982889}.Debug|x64.Build.0 = Debug|x64
		{4E7A26C1-FFC2-4932-8C54-69F4CA982889}.Debug|x86.ActiveCfg = Debug|Win32
		{4E7A26C1-FFC2-4932-8C54-69F4CA982889}.Debug|x86.Build.0 = Debug|Win32
		{4E7A26C1-FFC2-4932-8C54-69F4CA982889}.Release|x64.ActiveCfg = Release|x64
		{4E7A26C1-FFC2-4932-8C54-69F4CA982889}.Release|x64.Build.0 = Release|x64
		{4E7A26C1-FFC2-4932-8C54-69F4CA982889}.Release|x86.ActiveCfg = Release|Win32
		{4E7A26C1-FFC2-4932-8C54-69F4CA982889}.Release|x86.Build.0 = Release|Win32
		{14FE7E59-B448-45D9-B8BE-2080EC1F76F2}.Debug|x64.ActiveCfg = Debug|x64
		{14FE7E59-B448-45D9-B8BE-2080EC1F76F2}.Debug|x64.Build.0 = Debug|x64
		{14FE7E59-B448-45D9-B8BE-2080EC1F76F2}.Debug|x86.ActiveCfg = Debug|Win32
		{14FE7E59-B448-45D9-B8BE-2080EC1F76F2}.Debug|x86.Build.0 = Debug|Win32
		{14FE7E59-B448-45D9-B8BE-2080EC1F76F2}.Release|x64.ActiveCfg = Release|x64
		{14FE7E59-B448-45D9-B8BE-2080EC1F76F2}.Release|x64.Build.0 = Release|x64
		{14FE7E59-B448-45D9-B8BE-2080EC1F76F2}.Release|x86.ActiveCfg = Release|Win32
		{14FE7E59-B448-45D9-B8BE-2080EC1F76F2}.Release|x86.Build.0 = Release|Win32
	EndGlobalSection
	GlobalSection(SolutionProperties) = preSolution
		HideSolutionNode = FALSE
	EndGlobalSection
	GlobalSection(ExtensibilityGlobals) = postSolution
		SolutionGuid = {E13B0001-675C-4A1D-AAE3-DADFAD6F71EB}
	EndGlobalSection
EndGlobal
